{
  "name": "dns-server",
  "version": "1.0.0",
  "lockfileVersion": 3,
  "requires": true,
  "packages": {
    "": {
      "name": "dns-server",
      "version": "1.0.0",
      "license": "ISC",
      "dependencies": {
        "dns-packet": "^5.6.1",
        "typescript": "^5.4.5"
      },
      "devDependencies": {
        "@types/dns-packet": "^5.6.5",
        "@types/node": "^20.12.7"
      }
    },
    "node_modules/@leichtgewicht/ip-codec": {
      "version": "2.0.5",
      "resolved": "https://registry.npmjs.org/@leichtgewicht/ip-codec/-/ip-codec-2.0.5.tgz",
      "integrity": "sha512-Vo+PSpZG2/fmgmiNzYK9qWRh8h/CHrwD0mo1h1DzL4yzHNSfWYujGTYsWGreD000gcgmZ7K4Ys6Tx9TxtsKdDw=="
    },
    "node_modules/@types/dns-packet": {
      "version": "5.6.5",
      "resolved": "https://registry.npmjs.org/@types/dns-packet/-/dns-packet-5.6.5.tgz",
      "integrity": "sha512-qXOC7XLOEe43ehtWJCMnQXvgcIpv6rPmQ1jXT98Ad8A3TB1Ue50jsCbSSSyuazScEuZ/Q026vHbrOTVkmwA+7Q==",
      "dev": true,
      "dependencies": {
        "@types/node": "*"
      }
    },
    "node_modules/@types/node": {
      "version": "20.12.7",
      "resolved": "https://registry.npmjs.org/@types/node/-/node-20.12.7.tgz",
      "integrity": "sha512-wq0cICSkRLVaf3UGLMGItu/PtdY7oaXaI/RVU+xliKVOtRna3PRY57ZDfztpDL0n11vfymMUnXv8QwYCO7L1wg==",
      "dev": true,
      "dependencies": {
        "undici-types": "~5.26.4"
      }
    },
    "node_modules/dns-packet": {
      "version": "5.6.1",
      "resolved": "https://registry.npmjs.org/dns-packet/-/dns-packet-5.6.1.tgz",
      "integrity": "sha512-l4gcSouhcgIKRvyy99RNVOgxXiicE+2jZoNmaNmZ6JXiGajBOJAesk1OBlJuM5k2c+eudGdLxDqXuPCKIj6kpw==",
      "dependencies": {
        "@leichtgewicht/ip-codec": "^2.0.1"
      },
      "engines": {
        "node": ">=6"
      }
    },
    "node_modules/typescript": {
      "version": "5.4.5",
      "resolved": "https://registry.npmjs.org/typescript/-/typescript-5.4.5.tgz",
      "integrity": "sha512-vcI4UpRgg81oIRUFwR0WSIHKt11nJ7SAVlYNIu+QpqeyXP+gpQJy/Z4+F0aGxSE4MqwjyXvW/TzgkLAx2AGHwQ==",
      "bin": {
        "tsc": "bin/tsc",
        "tsserver": "bin/tsserver"
      },
      "engines": {
        "node": ">=14.17"
      }
    },
    "node_modules/undici-types": {
      "version": "5.26.5",
      "resolved": "https://registry.npmjs.org/undici-types/-/undici-types-5.26.5.tgz",
      "integrity": "sha512-JlCMO+ehdEIKqlFxk6IfVoAUVmgz7cU7zD/h9XZ0qzeosSHmUJVOzSQvvYSYWXkFXC+IfLKSIffhv0sVZup6pA==",
      "dev": true
    }
  }
}
